
Microsoft Visual Studio Solution File, Format Version 12.00
# Visual Studio Version 17
VisualStudioVersion = 17.13.35919.96
MinimumVisualStudioVersion = 10.0.40219.1
Project("{2150E333-8FDC-42A3-9474-1A3956D46DE8}") = "src", "src", "{02EA681E-C7D8-13C7-8484-4AC65E1B71E8}"
EndProject
Project("{2150E333-8FDC-42A3-9474-1A3956D46DE8}") = "tests", "tests", "{C9DD34FD-6269-4DDD-AA04-BB497494FE13}"
EndProject
Project("{2150E333-8FDC-42A3-9474-1A3956D46DE8}") = "Solution Items", "Solution Items", "{8EC462FD-D22E-90A8-E5CE-7E832BA40C5D}"
	ProjectSection(SolutionItems) = preProject
		CHANGELOG.md = CHANGELOG.md
		CONTRIBUTING.md = CONTRIBUTING.md
		LICENSE.txt = LICENSE.txt
		README.md = README.md
	EndProjectSection
EndProject
Project("{2150E333-8FDC-42A3-9474-1A3956D46DE8}") = "docs", "docs", "{A0B979F7-918D-4A47-ABD1-A564E98807F7}"
	ProjectSection(SolutionItems) = preProject
		docs\ANALYTICS.md = docs\ANALYTICS.md
		GITHUB_CMS.md = GITHUB_CMS.md
		docs\MIGRATION.md = docs\MIGRATION.md
		docs\NAVIGATION.md = docs\NAVIGATION.md
		docs\QUICK_REFERENCE.md = docs\QUICK_REFERENCE.md
		docs\STYLING.md = docs\STYLING.md
		THEMING.md = THEMING.md
	EndProjectSection
EndProject
Project("{2150E333-8FDC-42A3-9474-1A3956D46DE8}") = "examples", "examples", "{B0489088-7C87-4C92-B6D1-73B072183229}"
EndProject
Project("{2150E333-8FDC-42A3-9474-1A3956D46DE8}") = "content", "content", "{81FA36B2-1A35-4FD2-83BD-72E42C747375}"
EndProject
Project("{2150E333-8FDC-42A3-9474-1A3956D46DE8}") = "blog", "blog", "{926AB9FA-2E20-42C4-A890-92A4D529A26F}"
	ProjectSection(SolutionItems) = preProject
		examples\content\blog\analytics-integration-in-blazor.md = examples\content\blog\analytics-integration-in-blazor.md
		examples\content\blog\enhanced-navigation-interceptor.md = examples\content\blog\enhanced-navigation-interceptor.md
		examples\content\blog\github-cms-components.md = examples\content\blog\github-cms-components.md
		examples\content\blog\github-cms-with-blazor.md = examples\content\blog\github-cms-with-blazor.md
		examples\content\blog\navigation-components.md = examples\content\blog\navigation-components.md
	EndProjectSection
EndProject
Project("{2150E333-8FDC-42A3-9474-1A3956D46DE8}") = "docs", "docs", "{05C1A178-E91A-4900-8CEC-17550109C491}"
	ProjectSection(SolutionItems) = preProject
		examples\content\docs\getting-started-with-osirion-blazor.md = examples\content\docs\getting-started-with-osirion-blazor.md
		examples\content\docs\github-cms-documentation.md = examples\content\docs\github-cms-documentation.md
	EndProjectSection
EndProject
Project("{FAE04EC0-301F-11D3-BF4B-00C04F79EFBC}") = "Osirion.Blazor.Core.Tests", "tests\Osirion.Blazor.Core.Tests\Osirion.Blazor.Core.Tests.csproj", "{5DBBB779-0C53-448B-ABD5-5973DCBE8BB8}"
EndProject
Project("{FAE04EC0-301F-11D3-BF4B-00C04F79EFBC}") = "Osirion.Blazor.Analytics", "src\Osirion.Blazor.Analytics\Osirion.Blazor.Analytics.csproj", "{8D48C91A-D861-41B8-BD05-32D53CA6A3D7}"
EndProject
Project("{FAE04EC0-301F-11D3-BF4B-00C04F79EFBC}") = "Osirion.Blazor.Analytics.Tests", "tests\Osirion.Blazor.Analytics.Tests\Osirion.Blazor.Analytics.Tests.csproj", "{2C6CCC44-E3A9-4161-832E-0F7EDA9362CE}"
EndProject
Project("{FAE04EC0-301F-11D3-BF4B-00C04F79EFBC}") = "Osirion.Blazor.Navigation", "src\Osirion.Blazor.Navigation\Osirion.Blazor.Navigation.csproj", "{44C394E4-911E-4153-9A07-3CF051CF39B2}"
EndProject
Project("{FAE04EC0-301F-11D3-BF4B-00C04F79EFBC}") = "Osirion.Blazor.Navigation.Tests", "tests\Osirion.Blazor.Navigation.Tests\Osirion.Blazor.Navigation.Tests.csproj", "{7F55A3A4-A100-413B-B51A-192451BF364C}"
EndProject
Project("{FAE04EC0-301F-11D3-BF4B-00C04F79EFBC}") = "Osirion.Blazor.Theming", "src\Osirion.Blazor.Theming\Osirion.Blazor.Theming.csproj", "{992B1685-D668-4640-8369-BD7AAAD54A8B}"
EndProject
Project("{FAE04EC0-301F-11D3-BF4B-00C04F79EFBC}") = "Osirion.Blazor.Theming.Tests", "tests\Osirion.Blazor.Theming.Tests\Osirion.Blazor.Theming.Tests.csproj", "{380D5112-2D99-4ACD-8CD9-8071BBEAB3A7}"
EndProject
Project("{FAE04EC0-301F-11D3-BF4B-00C04F79EFBC}") = "Osirion.Blazor.Core", "src\Osirion.Blazor.Core\Osirion.Blazor.Core.csproj", "{1B4E7BD5-992E-FB25-897A-6BB094D0BA56}"
EndProject
Project("{FAE04EC0-301F-11D3-BF4B-00C04F79EFBC}") = "Osirion.Blazor", "src\Osirion.Blazor\Osirion.Blazor.csproj", "{D0BD8338-5DBC-4634-8535-576CCBB0580A}"
EndProject
Project("{FAE04EC0-301F-11D3-BF4B-00C04F79EFBC}") = "Osirion.Blazor.Tests", "tests\Osirion.Blazor.Tests\Osirion.Blazor.Tests.csproj", "{BEC01BF6-DF6D-4EAB-A4EE-1BE2583A3E94}"
EndProject
Project("{FAE04EC0-301F-11D3-BF4B-00C04F79EFBC}") = "Osirion.Blazor.Cms", "src\Osirion.Blazor.Cms\Osirion.Blazor.Cms.csproj", "{6676DD39-3691-490C-9BBA-9D47F5EDA86C}"
EndProject
Project("{FAE04EC0-301F-11D3-BF4B-00C04F79EFBC}") = "Osirion.Blazor.Cms.Tests", "tests\Osirion.Blazor.Cms.Tests\Osirion.Blazor.Cms.Tests.csproj", "{35BE5E03-B4F5-46A8-37E6-E7B6D7B1ED34}"
EndProject
Project("{FAE04EC0-301F-11D3-BF4B-00C04F79EFBC}") = "Osirion.Blazor.Cms.Admin", "src\Osirion.Blazor.Cms.Admin\Osirion.Blazor.Cms.Admin.csproj", "{4F624822-0028-4DE5-8C55-A51ECAB01812}"
EndProject
Project("{2150E333-8FDC-42A3-9474-1A3956D46DE8}") = "Cms", "Cms", "{7BBC34AD-707B-4123-8627-D9FC78F42C21}"
EndProject
Project("{FAE04EC0-301F-11D3-BF4B-00C04F79EFBC}") = "Osirion.Blazor.Cms.Core", "src\Osirion.Blazor.Cms.Core\Osirion.Blazor.Cms.Core.csproj", "{25959D3A-DE8B-4DE0-AC66-AED3AF232789}"
EndProject
Project("{FAE04EC0-301F-11D3-BF4B-00C04F79EFBC}") = "Osirion.Blazor.Cms.Domain", "src\Osirion.Blazor.Cms.Domain\Osirion.Blazor.Cms.Domain.csproj", "{4C68BC54-6460-46D5-998C-A57B14FB6E79}"
EndProject
Project("{FAE04EC0-301F-11D3-BF4B-00C04F79EFBC}") = "Osirion.Blazor.Cms.Application", "src\Osirion.Blazor.Cms.Application\Osirion.Blazor.Cms.Application.csproj", "{D098AFC4-0571-4F15-BC2A-D1CB461EE141}"
EndProject
Project("{FAE04EC0-301F-11D3-BF4B-00C04F79EFBC}") = "Osirion.Blazor.Cms.Infrastructure", "src\Osirion.Blazor.Cms.Infrastructure\Osirion.Blazor.Cms.Infrastructure.csproj", "{3B68DD63-233F-49CB-BED4-46E308326A5F}"
EndProject
Project("{FAE04EC0-301F-11D3-BF4B-00C04F79EFBC}") = "Osirion.Blazor.Cms.Web", "src\Osirion.Blazor.Cms.Web\Osirion.Blazor.Cms.Web.csproj", "{DE353FCC-64FE-304B-6787-D16594D1FA9D}"
EndProject
Project("{2150E333-8FDC-42A3-9474-1A3956D46DE8}") = ".github", ".github", "{B07E68F8-5644-4F76-86BB-B1512E89E20E}"
	ProjectSection(SolutionItems) = preProject
		CODEOWNERS = CODEOWNERS
		dependabot.yml = dependabot.yml
		.github\pull_request_template.md = .github\pull_request_template.md
	EndProjectSection
EndProject
Project("{2150E333-8FDC-42A3-9474-1A3956D46DE8}") = "workflows", "workflows", "{A9E069B7-F909-44C7-B914-A7D28AD10141}"
	ProjectSection(SolutionItems) = preProject
		ai-code-review.yml = ai-code-review.yml
		build.yml = build.yml
		ci.yml = ci.yml
		code-quality.yml = code-quality.yml
		.github\workflows\Codecov = .github\workflows\Codecov
		codeql-analysis.yml = codeql-analysis.yml
		.github\workflows\coverage.yml = .github\workflows\coverage.yml
		e2e.yml = e2e.yml
		matrix-testing.yml = matrix-testing.yml
		.github\workflows\nuget-publish.yml = .github\workflows\nuget-publish.yml
		performance-benchmarks.yml = performance-benchmarks.yml
		.github\workflows\prepare-release.yml = .github\workflows\prepare-release.yml
		verify-versions.yml = verify-versions.yml
	EndProjectSection
EndProject
Project("{FAE04EC0-301F-11D3-BF4B-00C04F79EFBC}") = "Osirion.Blazor.Cms.Domain.Tests", "tests\Osirion.Blazor.Cms.Domain.Tests\Osirion.Blazor.Cms.Domain.Tests.csproj", "{7ADC0821-C873-4A54-B395-CDE1D56D28CB}"
EndProject
Project("{2150E333-8FDC-42A3-9474-1A3956D46DE8}") = "ISSUE_TEMPLATE", "ISSUE_TEMPLATE", "{E677A8F5-2B88-49AD-8F15-B015F3C23135}"
	ProjectSection(SolutionItems) = preProject
		bug_report.yml = bug_report.yml
		config.yml = config.yml
		documentation_improvement.yml = documentation_improvement.yml
		feature_request.yml = feature_request.yml
	EndProjectSection
EndProject
Project("{FAE04EC0-301F-11D3-BF4B-00C04F79EFBC}") = "Osirion.Blazor.E2ETests", "tests\Osirion.Blazor.E2ETests\Osirion.Blazor.E2ETests.csproj", "{41DB3B94-83C9-4C76-BB19-26E53EB3F1AF}"
EndProject
Project("{FAE04EC0-301F-11D3-BF4B-00C04F79EFBC}") = "Osirion.Blazor.Cms.Infrastructure.Tests", "tests\Osirion.Blazor.Cms.Infrastructure.Tests\Osirion.Blazor.Cms.Infrastructure.Tests.csproj", "{44CD6125-1EE7-4BCE-ACA8-56A3129ECDB6}"
EndProject
Project("{FAE04EC0-301F-11D3-BF4B-00C04F79EFBC}") = "Osirion.Blazor.Cms.Application.Tests", "tests\Osirion.Blazor.Cms.Application.Tests\Osirion.Blazor.Cms.Application.Tests.csproj", "{296F1943-768F-41F7-B23F-3DFFC76CAEE5}"
EndProject
Project("{2150E333-8FDC-42A3-9474-1A3956D46DE8}") = "Cms", "Cms", "{4037E724-65A5-40CC-988A-4E31A55DA039}"
EndProject
Project("{FAE04EC0-301F-11D3-BF4B-00C04F79EFBC}") = "Osirion.Blazor.Cms.Core.Tests", "tests\Osirion.Blazor.Cms.Core.Tests\Osirion.Blazor.Cms.Core.Tests.csproj", "{FB135913-104C-43C6-89D9-765853CB703A}"
EndProject
Project("{FAE04EC0-301F-11D3-BF4B-00C04F79EFBC}") = "Osirion.Blazor.Cms.Admin.Tests", "tests\Osirion.Blazor.Cms.Admin.Tests\Osirion.Blazor.Cms.Admin.Tests.csproj", "{EFF9BD9D-707E-416C-A2EA-D78DB3912604}"
EndProject
Project("{FAE04EC0-301F-11D3-BF4B-00C04F79EFBC}") = "Osirion.Blazor.Cms.Web.Tests", "tests\Osirion.Blazor.Cms.Web.Tests\Osirion.Blazor.Cms.Web.Tests.csproj", "{373A9659-0254-4125-A34C-A23E55651EBB}"
EndProject
Project("{FAE04EC0-301F-11D3-BF4B-00C04F79EFBC}") = "Osirion.Blazor.Example.Bootstrap", "examples\Osirion.Blazor.Example.Bootstrap\Osirion.Blazor.Example.Bootstrap.csproj", "{430F1EE9-D0B1-420C-A834-E104B0E2F58F}"
EndProject
Project("{2150E333-8FDC-42A3-9474-1A3956D46DE8}") = "en", "en", "{C283FF5E-3298-4D01-B0B1-275522B42B50}"
	ProjectSection(SolutionItems) = preProject
		home.md = home.md
	EndProjectSection
EndProject
Global
	GlobalSection(SolutionConfigurationPlatforms) = preSolution
		Debug|Any CPU = Debug|Any CPU
		Release|Any CPU = Release|Any CPU
	EndGlobalSection
	GlobalSection(ProjectConfigurationPlatforms) = postSolution
		{5DBBB779-0C53-448B-ABD5-5973DCBE8BB8}.Debug|Any CPU.ActiveCfg = Debug|Any CPU
		{5DBBB779-0C53-448B-ABD5-5973DCBE8BB8}.Debug|Any CPU.Build.0 = Debug|Any CPU
		{5DBBB779-0C53-448B-ABD5-5973DCBE8BB8}.Release|Any CPU.ActiveCfg = Release|Any CPU
		{5DBBB779-0C53-448B-ABD5-5973DCBE8BB8}.Release|Any CPU.Build.0 = Release|Any CPU
		{8D48C91A-D861-41B8-BD05-32D53CA6A3D7}.Debug|Any CPU.ActiveCfg = Debug|Any CPU
		{8D48C91A-D861-41B8-BD05-32D53CA6A3D7}.Debug|Any CPU.Build.0 = Debug|Any CPU
		{8D48C91A-D861-41B8-BD05-32D53CA6A3D7}.Release|Any CPU.ActiveCfg = Release|Any CPU
		{8D48C91A-D861-41B8-BD05-32D53CA6A3D7}.Release|Any CPU.Build.0 = Release|Any CPU
		{2C6CCC44-E3A9-4161-832E-0F7EDA9362CE}.Debug|Any CPU.ActiveCfg = Debug|Any CPU
		{2C6CCC44-E3A9-4161-832E-0F7EDA9362CE}.Debug|Any CPU.Build.0 = Debug|Any CPU
		{2C6CCC44-E3A9-4161-832E-0F7EDA9362CE}.Release|Any CPU.ActiveCfg = Release|Any CPU
		{2C6CCC44-E3A9-4161-832E-0F7EDA9362CE}.Release|Any CPU.Build.0 = Release|Any CPU
		{44C394E4-911E-4153-9A07-3CF051CF39B2}.Debug|Any CPU.ActiveCfg = Debug|Any CPU
		{44C394E4-911E-4153-9A07-3CF051CF39B2}.Debug|Any CPU.Build.0 = Debug|Any CPU
		{44C394E4-911E-4153-9A07-3CF051CF39B2}.Release|Any CPU.ActiveCfg = Release|Any CPU
		{44C394E4-911E-4153-9A07-3CF051CF39B2}.Release|Any CPU.Build.0 = Release|Any CPU
		{7F55A3A4-A100-413B-B51A-192451BF364C}.Debug|Any CPU.ActiveCfg = Debug|Any CPU
		{7F55A3A4-A100-413B-B51A-192451BF364C}.Debug|Any CPU.Build.0 = Debug|Any CPU
		{7F55A3A4-A100-413B-B51A-192451BF364C}.Release|Any CPU.ActiveCfg = Release|Any CPU
		{7F55A3A4-A100-413B-B51A-192451BF364C}.Release|Any CPU.Build.0 = Release|Any CPU
		{992B1685-D668-4640-8369-BD7AAAD54A8B}.Debug|Any CPU.ActiveCfg = Debug|Any CPU
		{992B1685-D668-4640-8369-BD7AAAD54A8B}.Debug|Any CPU.Build.0 = Debug|Any CPU
		{992B1685-D668-4640-8369-BD7AAAD54A8B}.Release|Any CPU.ActiveCfg = Release|Any CPU
		{992B1685-D668-4640-8369-BD7AAAD54A8B}.Release|Any CPU.Build.0 = Release|Any CPU
		{380D5112-2D99-4ACD-8CD9-8071BBEAB3A7}.Debug|Any CPU.ActiveCfg = Debug|Any CPU
		{380D5112-2D99-4ACD-8CD9-8071BBEAB3A7}.Debug|Any CPU.Build.0 = Debug|Any CPU
		{380D5112-2D99-4ACD-8CD9-8071BBEAB3A7}.Release|Any CPU.ActiveCfg = Release|Any CPU
		{380D5112-2D99-4ACD-8CD9-8071BBEAB3A7}.Release|Any CPU.Build.0 = Release|Any CPU
		{1B4E7BD5-992E-FB25-897A-6BB094D0BA56}.Debug|Any CPU.ActiveCfg = Debug|Any CPU
		{1B4E7BD5-992E-FB25-897A-6BB094D0BA56}.Debug|Any CPU.Build.0 = Debug|Any CPU
		{1B4E7BD5-992E-FB25-897A-6BB094D0BA56}.Release|Any CPU.ActiveCfg = Release|Any CPU
		{1B4E7BD5-992E-FB25-897A-6BB094D0BA56}.Release|Any CPU.Build.0 = Release|Any CPU
		{D0BD8338-5DBC-4634-8535-576CCBB0580A}.Debug|Any CPU.ActiveCfg = Debug|Any CPU
		{D0BD8338-5DBC-4634-8535-576CCBB0580A}.Debug|Any CPU.Build.0 = Debug|Any CPU
		{D0BD8338-5DBC-4634-8535-576CCBB0580A}.Release|Any CPU.ActiveCfg = Release|Any CPU
		{D0BD8338-5DBC-4634-8535-576CCBB0580A}.Release|Any CPU.Build.0 = Release|Any CPU
		{BEC01BF6-DF6D-4EAB-A4EE-1BE2583A3E94}.Debug|Any CPU.ActiveCfg = Debug|Any CPU
		{BEC01BF6-DF6D-4EAB-A4EE-1BE2583A3E94}.Debug|Any CPU.Build.0 = Debug|Any CPU
		{BEC01BF6-DF6D-4EAB-A4EE-1BE2583A3E94}.Release|Any CPU.ActiveCfg = Release|Any CPU
		{BEC01BF6-DF6D-4EAB-A4EE-1BE2583A3E94}.Release|Any CPU.Build.0 = Release|Any CPU
		{6676DD39-3691-490C-9BBA-9D47F5EDA86C}.Debug|Any CPU.ActiveCfg = Debug|Any CPU
		{6676DD39-3691-490C-9BBA-9D47F5EDA86C}.Debug|Any CPU.Build.0 = Debug|Any CPU
		{6676DD39-3691-490C-9BBA-9D47F5EDA86C}.Release|Any CPU.ActiveCfg = Release|Any CPU
		{6676DD39-3691-490C-9BBA-9D47F5EDA86C}.Release|Any CPU.Build.0 = Release|Any CPU
		{35BE5E03-B4F5-46A8-37E6-E7B6D7B1ED34}.Debug|Any CPU.ActiveCfg = Debug|Any CPU
		{35BE5E03-B4F5-46A8-37E6-E7B6D7B1ED34}.Debug|Any CPU.Build.0 = Debug|Any CPU
		{35BE5E03-B4F5-46A8-37E6-E7B6D7B1ED34}.Release|Any CPU.ActiveCfg = Release|Any CPU
		{35BE5E03-B4F5-46A8-37E6-E7B6D7B1ED34}.Release|Any CPU.Build.0 = Release|Any CPU
		{4F624822-0028-4DE5-8C55-A51ECAB01812}.Debug|Any CPU.ActiveCfg = Debug|Any CPU
		{4F624822-0028-4DE5-8C55-A51ECAB01812}.Debug|Any CPU.Build.0 = Debug|Any CPU
		{4F624822-0028-4DE5-8C55-A51ECAB01812}.Release|Any CPU.ActiveCfg = Release|Any CPU
		{4F624822-0028-4DE5-8C55-A51ECAB01812}.Release|Any CPU.Build.0 = Release|Any CPU
		{25959D3A-DE8B-4DE0-AC66-AED3AF232789}.Debug|Any CPU.ActiveCfg = Debug|Any CPU
		{25959D3A-DE8B-4DE0-AC66-AED3AF232789}.Debug|Any CPU.Build.0 = Debug|Any CPU
		{25959D3A-DE8B-4DE0-AC66-AED3AF232789}.Release|Any CPU.ActiveCfg = Release|Any CPU
		{25959D3A-DE8B-4DE0-AC66-AED3AF232789}.Release|Any CPU.Build.0 = Release|Any CPU
		{4C68BC54-6460-46D5-998C-A57B14FB6E79}.Debug|Any CPU.ActiveCfg = Debug|Any CPU
		{4C68BC54-6460-46D5-998C-A57B14FB6E79}.Debug|Any CPU.Build.0 = Debug|Any CPU
		{4C68BC54-6460-46D5-998C-A57B14FB6E79}.Release|Any CPU.ActiveCfg = Release|Any CPU
		{4C68BC54-6460-46D5-998C-A57B14FB6E79}.Release|Any CPU.Build.0 = Release|Any CPU
		{D098AFC4-0571-4F15-BC2A-D1CB461EE141}.Debug|Any CPU.ActiveCfg = Debug|Any CPU
		{D098AFC4-0571-4F15-BC2A-D1CB461EE141}.Debug|Any CPU.Build.0 = Debug|Any CPU
		{D098AFC4-0571-4F15-BC2A-D1CB461EE141}.Release|Any CPU.ActiveCfg = Release|Any CPU
		{D098AFC4-0571-4F15-BC2A-D1CB461EE141}.Release|Any CPU.Build.0 = Release|Any CPU
		{3B68DD63-233F-49CB-BED4-46E308326A5F}.Debug|Any CPU.ActiveCfg = Debug|Any CPU
		{3B68DD63-233F-49CB-BED4-46E308326A5F}.Debug|Any CPU.Build.0 = Debug|Any CPU
		{3B68DD63-233F-49CB-BED4-46E308326A5F}.Release|Any CPU.ActiveCfg = Release|Any CPU
		{3B68DD63-233F-49CB-BED4-46E308326A5F}.Release|Any CPU.Build.0 = Release|Any CPU
		{DE353FCC-64FE-304B-6787-D16594D1FA9D}.Debug|Any CPU.ActiveCfg = Debug|Any CPU
		{DE353FCC-64FE-304B-6787-D16594D1FA9D}.Debug|Any CPU.Build.0 = Debug|Any CPU
		{DE353FCC-64FE-304B-6787-D16594D1FA9D}.Release|Any CPU.ActiveCfg = Release|Any CPU
		{DE353FCC-64FE-304B-6787-D16594D1FA9D}.Release|Any CPU.Build.0 = Release|Any CPU
		{7ADC0821-C873-4A54-B395-CDE1D56D28CB}.Debug|Any CPU.ActiveCfg = Debug|Any CPU
		{7ADC0821-C873-4A54-B395-CDE1D56D28CB}.Debug|Any CPU.Build.0 = Debug|Any CPU
		{7ADC0821-C873-4A54-B395-CDE1D56D28CB}.Release|Any CPU.ActiveCfg = Release|Any CPU
		{7ADC0821-C873-4A54-B395-CDE1D56D28CB}.Release|Any CPU.Build.0 = Release|Any CPU
		{41DB3B94-83C9-4C76-BB19-26E53EB3F1AF}.Debug|Any CPU.ActiveCfg = Debug|Any CPU
		{41DB3B94-83C9-4C76-BB19-26E53EB3F1AF}.Debug|Any CPU.Build.0 = Debug|Any CPU
		{41DB3B94-83C9-4C76-BB19-26E53EB3F1AF}.Release|Any CPU.ActiveCfg = Release|Any CPU
		{41DB3B94-83C9-4C76-BB19-26E53EB3F1AF}.Release|Any CPU.Build.0 = Release|Any CPU
		{44CD6125-1EE7-4BCE-ACA8-56A3129ECDB6}.Debug|Any CPU.ActiveCfg = Debug|Any CPU
		{44CD6125-1EE7-4BCE-ACA8-56A3129ECDB6}.Debug|Any CPU.Build.0 = Debug|Any CPU
		{44CD6125-1EE7-4BCE-ACA8-56A3129ECDB6}.Release|Any CPU.ActiveCfg = Release|Any CPU
		{44CD6125-1EE7-4BCE-ACA8-56A3129ECDB6}.Release|Any CPU.Build.0 = Release|Any CPU
		{296F1943-768F-41F7-B23F-3DFFC76CAEE5}.Debug|Any CPU.ActiveCfg = Debug|Any CPU
		{296F1943-768F-41F7-B23F-3DFFC76CAEE5}.Debug|Any CPU.Build.0 = Debug|Any CPU
		{296F1943-768F-41F7-B23F-3DFFC76CAEE5}.Release|Any CPU.ActiveCfg = Release|Any CPU
		{296F1943-768F-41F7-B23F-3DFFC76CAEE5}.Release|Any CPU.Build.0 = Release|Any CPU
		{FB135913-104C-43C6-89D9-765853CB703A}.Debug|Any CPU.ActiveCfg = Debug|Any CPU
		{FB135913-104C-43C6-89D9-765853CB703A}.Debug|Any CPU.Build.0 = Debug|Any CPU
		{FB135913-104C-43C6-89D9-765853CB703A}.Release|Any CPU.ActiveCfg = Release|Any CPU
		{FB135913-104C-43C6-89D9-765853CB703A}.Release|Any CPU.Build.0 = Release|Any CPU
		{EFF9BD9D-707E-416C-A2EA-D78DB3912604}.Debug|Any CPU.ActiveCfg = Debug|Any CPU
		{EFF9BD9D-707E-416C-A2EA-D78DB3912604}.Debug|Any CPU.Build.0 = Debug|Any CPU
		{EFF9BD9D-707E-416C-A2EA-D78DB3912604}.Release|Any CPU.ActiveCfg = Release|Any CPU
		{EFF9BD9D-707E-416C-A2EA-D78DB3912604}.Release|Any CPU.Build.0 = Release|Any CPU
		{373A9659-0254-4125-A34C-A23E55651EBB}.Debug|Any CPU.ActiveCfg = Debug|Any CPU
		{373A9659-0254-4125-A34C-A23E55651EBB}.Debug|Any CPU.Build.0 = Debug|Any CPU
		{373A9659-0254-4125-A34C-A23E55651EBB}.Release|Any CPU.ActiveCfg = Release|Any CPU
		{373A9659-0254-4125-A34C-A23E55651EBB}.Release|Any CPU.Build.0 = Release|Any CPU
		{430F1EE9-D0B1-420C-A834-E104B0E2F58F}.Debug|Any CPU.ActiveCfg = Debug|Any CPU
		{430F1EE9-D0B1-420C-A834-E104B0E2F58F}.Debug|Any CPU.Build.0 = Debug|Any CPU
		{430F1EE9-D0B1-420C-A834-E104B0E2F58F}.Release|Any CPU.ActiveCfg = Release|Any CPU
		{430F1EE9-D0B1-420C-A834-E104B0E2F58F}.Release|Any CPU.Build.0 = Release|Any CPU
	EndGlobalSection
	GlobalSection(SolutionProperties) = preSolution
		HideSolutionNode = FALSE
	EndGlobalSection
	GlobalSection(NestedProjects) = preSolution
		{926AB9FA-2E20-42C4-A890-92A4D529A26F} = {C283FF5E-3298-4D01-B0B1-275522B42B50}
		{05C1A178-E91A-4900-8CEC-17550109C491} = {C283FF5E-3298-4D01-B0B1-275522B42B50}
		{5DBBB779-0C53-448B-ABD5-5973DCBE8BB8} = {C9DD34FD-6269-4DDD-AA04-BB497494FE13}
		{8D48C91A-D861-41B8-BD05-32D53CA6A3D7} = {02EA681E-C7D8-13C7-8484-4AC65E1B71E8}
		{2C6CCC44-E3A9-4161-832E-0F7EDA9362CE} = {C9DD34FD-6269-4DDD-AA04-BB497494FE13}
		{44C394E4-911E-4153-9A07-3CF051CF39B2} = {02EA681E-C7D8-13C7-8484-4AC65E1B71E8}
		{7F55A3A4-A100-413B-B51A-192451BF364C} = {C9DD34FD-6269-4DDD-AA04-BB497494FE13}
		{992B1685-D668-4640-8369-BD7AAAD54A8B} = {02EA681E-C7D8-13C7-8484-4AC65E1B71E8}
		{380D5112-2D99-4ACD-8CD9-8071BBEAB3A7} = {C9DD34FD-6269-4DDD-AA04-BB497494FE13}
		{1B4E7BD5-992E-FB25-897A-6BB094D0BA56} = {02EA681E-C7D8-13C7-8484-4AC65E1B71E8}
		{D0BD8338-5DBC-4634-8535-576CCBB0580A} = {02EA681E-C7D8-13C7-8484-4AC65E1B71E8}
		{BEC01BF6-DF6D-4EAB-A4EE-1BE2583A3E94} = {C9DD34FD-6269-4DDD-AA04-BB497494FE13}
		{6676DD39-3691-490C-9BBA-9D47F5EDA86C} = {7BBC34AD-707B-4123-8627-D9FC78F42C21}
		{35BE5E03-B4F5-46A8-37E6-E7B6D7B1ED34} = {4037E724-65A5-40CC-988A-4E31A55DA039}
		{4F624822-0028-4DE5-8C55-A51ECAB01812} = {7BBC34AD-707B-4123-8627-D9FC78F42C21}
		{7BBC34AD-707B-4123-8627-D9FC78F42C21} = {02EA681E-C7D8-13C7-8484-4AC65E1B71E8}
		{25959D3A-DE8B-4DE0-AC66-AED3AF232789} = {7BBC34AD-707B-4123-8627-D9FC78F42C21}
		{4C68BC54-6460-46D5-998C-A57B14FB6E79} = {7BBC34AD-707B-4123-8627-D9FC78F42C21}
		{D098AFC4-0571-4F15-BC2A-D1CB461EE141} = {7BBC34AD-707B-4123-8627-D9FC78F42C21}
		{3B68DD63-233F-49CB-BED4-46E308326A5F} = {7BBC34AD-707B-4123-8627-D9FC78F42C21}
		{DE353FCC-64FE-304B-6787-D16594D1FA9D} = {7BBC34AD-707B-4123-8627-D9FC78F42C21}
		{A9E069B7-F909-44C7-B914-A7D28AD10141} = {B07E68F8-5644-4F76-86BB-B1512E89E20E}
		{7ADC0821-C873-4A54-B395-CDE1D56D28CB} = {4037E724-65A5-40CC-988A-4E31A55DA039}
		{E677A8F5-2B88-49AD-8F15-B015F3C23135} = {B07E68F8-5644-4F76-86BB-B1512E89E20E}
		{41DB3B94-83C9-4C76-BB19-26E53EB3F1AF} = {C9DD34FD-6269-4DDD-AA04-BB497494FE13}
		{44CD6125-1EE7-4BCE-ACA8-56A3129ECDB6} = {4037E724-65A5-40CC-988A-4E31A55DA039}
		{296F1943-768F-41F7-B23F-3DFFC76CAEE5} = {4037E724-65A5-40CC-988A-4E31A55DA039}
		{4037E724-65A5-40CC-988A-4E31A55DA039} = {C9DD34FD-6269-4DDD-AA04-BB497494FE13}
		{FB135913-104C-43C6-89D9-765853CB703A} = {4037E724-65A5-40CC-988A-4E31A55DA039}
		{EFF9BD9D-707E-416C-A2EA-D78DB3912604} = {4037E724-65A5-40CC-988A-4E31A55DA039}
		{373A9659-0254-4125-A34C-A23E55651EBB} = {4037E724-65A5-40CC-988A-4E31A55DA039}
		{430F1EE9-D0B1-420C-A834-E104B0E2F58F} = {B0489088-7C87-4C92-B6D1-73B072183229}
		{C283FF5E-3298-4D01-B0B1-275522B42B50} = {81FA36B2-1A35-4FD2-83BD-72E42C747375}
	EndGlobalSection
	GlobalSection(ExtensibilityGlobals) = postSolution
		SolutionGuid = {42605F7F-9786-49E4-AAB7-7D8A913C42D8}
	EndGlobalSection
EndGlobal
